
Microsoft Visual Studio Solution File, Format Version 12.00
# Visual Studio Version 16
VisualStudioVersion = 16.0.29519.181
MinimumVisualStudioVersion = 10.0.40219.1
Project("{FAE04EC0-301F-11D3-BF4B-00C04F79EFBC}") = "UsersApi", "UsersApi.csproj", "{F4A39641-3397-40A6-BBF7-4CD93727FBC0}"
EndProject
Project("{FAE04EC0-301F-11D3-BF4B-00C04F79EFBC}") = "UsersDatabase", "..\UsersDatabase\UsersDatabase.csproj", "{34F6D5B2-9111-49C0-81BC-A32F5EC98202}"
EndProject
Global
	GlobalSection(SolutionConfigurationPlatforms) = preSolution
		Debug|Any CPU = Debug|Any CPU
		Release|Any CPU = Release|Any CPU
	EndGlobalSection
	GlobalSection(ProjectConfigurationPlatforms) = postSolution
		{F4A39641-3397-40A6-BBF7-4CD93727FBC0}.Debug|Any CPU.ActiveCfg = Debug|Any CPU
		{F4A39641-3397-40A6-BBF7-4CD93727FBC0}.Debug|Any CPU.Build.0 = Debug|Any CPU
		{F4A39641-3397-40A6-BBF7-4CD93727FBC0}.Release|Any CPU.ActiveCfg = Release|Any CPU
		{F4A39641-3397-40A6-BBF7-4CD93727FBC0}.Release|Any CPU.Build.0 = Release|Any CPU
		{34F6D5B2-9111-49C0-81BC-A32F5EC98202}.Debug|Any CPU.ActiveCfg = Debug|Any CPU
		{34F6D5B2-9111-49C0-81BC-A32F5EC98202}.Debug|Any CPU.Build.0 = Debug|Any CPU
		{34F6D5B2-9111-49C0-81BC-A32F5EC98202}.Release|Any CPU.ActiveCfg = Release|Any CPU
		{34F6D5B2-9111-49C0-81BC-A32F5EC98202}.Release|Any CPU.Build.0 = Release|Any CPU
	EndGlobalSection
	GlobalSection(SolutionProperties) = preSolution
		HideSolutionNode = FALSE
	EndGlobalSection
	GlobalSection(ExtensibilityGlobals) = postSolution
		SolutionGuid = {3DED8F06-AC0C-4D31-A20E-3140987F267C}
	EndGlobalSection
EndGlobal
